
Microsoft Visual Studio Solution File, Format Version 12.00
# Visual Studio Version 17
VisualStudioVersion = 17.11.35303.130
MinimumVisualStudioVersion = 10.0.40219.1
Project("{FAE04EC0-301F-11D3-BF4B-00C04F79EFBC}") = "UNIManagement", "UNIManagement\UNIManagement.csproj", "{6BB6F40A-DA10-44FC-93DB-09D26090D20B}"
EndProject
Project("{FAE04EC0-301F-11D3-BF4B-00C04F79EFBC}") = "UNIManagement.Entities", "UNIManagement.Entities\UNIManagement.Entities.csproj", "{DB2032F5-01F8-4091-AF81-6116CF0D56E6}"
EndProject
Project("{FAE04EC0-301F-11D3-BF4B-00C04F79EFBC}") = "UNIManagement.Repositories", "UNIManagement.Repositories\UNIManagement.Repositories.csproj", "{EDBA9F8E-C035-466C-BD99-86FA1FEFCB1C}"
EndProject
Global
	GlobalSection(SolutionConfigurationPlatforms) = preSolution
		Debug|Any CPU = Debug|Any CPU
		Release|Any CPU = Release|Any CPU
	EndGlobalSection
	GlobalSection(ProjectConfigurationPlatforms) = postSolution
		{6BB6F40A-DA10-44FC-93DB-09D26090D20B}.Debug|Any CPU.ActiveCfg = Debug|Any CPU
		{6BB6F40A-DA10-44FC-93DB-09D26090D20B}.Debug|Any CPU.Build.0 = Debug|Any CPU
		{6BB6F40A-DA10-44FC-93DB-09D26090D20B}.Release|Any CPU.ActiveCfg = Release|Any CPU
		{6BB6F40A-DA10-44FC-93DB-09D26090D20B}.Release|Any CPU.Build.0 = Release|Any CPU
		{DB2032F5-01F8-4091-AF81-6116CF0D56E6}.Debug|Any CPU.ActiveCfg = Debug|Any CPU
		{DB2032F5-01F8-4091-AF81-6116CF0D56E6}.Debug|Any CPU.Build.0 = Debug|Any CPU
		{DB2032F5-01F8-4091-AF81-6116CF0D56E6}.Release|Any CPU.ActiveCfg = Release|Any CPU
		{DB2032F5-01F8-4091-AF81-6116CF0D56E6}.Release|Any CPU.Build.0 = Release|Any CPU
		{EDBA9F8E-C035-466C-BD99-86FA1FEFCB1C}.Debug|Any CPU.ActiveCfg = Debug|Any CPU
		{EDBA9F8E-C035-466C-BD99-86FA1FEFCB1C}.Debug|Any CPU.Build.0 = Debug|Any CPU
		{EDBA9F8E-C035-466C-BD99-86FA1FEFCB1C}.Release|Any CPU.ActiveCfg = Release|Any CPU
		{EDBA9F8E-C035-466C-BD99-86FA1FEFCB1C}.Release|Any CPU.Build.0 = Release|Any CPU
	EndGlobalSection
	GlobalSection(SolutionProperties) = preSolution
		HideSolutionNode = FALSE
	EndGlobalSection
	GlobalSection(ExtensibilityGlobals) = postSolution
		SolutionGuid = {6D2B5FFE-2CF2-48D5-8C4C-F3B1094D794B}
	EndGlobalSection
EndGlobal
